{
  "name": "voice-service",
  "lockfileVersion": 3,
  "requires": true,
  "packages": {
    "": {
      "dependencies": {
        "ai-voice-service": "file:../.."
      }
    },
    "../..": {
      "name": "ai-voice-service",
      "version": "1.0.0",
      "dependencies": {
        "cors": "^2.8.5",
        "dotenv": "^16.4.1",
        "express": "^4.18.2",
        "socket.io": "^4.7.2",
        "z-ai-web-dev-sdk": "^1.0.0"
      }
    },
    "node_modules/ai-voice-service": {
      "resolved": "../..",
      "link": true
    }
  }
}
